
Microsoft Visual Studio Solution File, Format Version 12.00
# Visual Studio 15
VisualStudioVersion = 15.0.28010.2046
MinimumVisualStudioVersion = 10.0.40219.1
Project("{8BC9CEB8-8B4A-11D0-8D11-00A0C91BC942}") = "pointersExamples-association", "pointersExamples-association\pointersExamples-association.vcxproj", "{458DD708-6B8B-4FA3-8607-8AEEDE35854E}"
EndProject
Global
	GlobalSection(SolutionConfigurationPlatforms) = preSolution
		Debug|x64 = Debug|x64
		Debug|x86 = Debug|x86
		Release|x64 = Release|x64
		Release|x86 = Release|x86
	EndGlobalSection
	GlobalSection(ProjectConfigurationPlatforms) = postSolution
		{458DD708-6B8B-4FA3-8607-8AEEDE35854E}.Debug|x64.ActiveCfg = Debug|x64
		{458DD708-6B8B-4FA3-8607-8AEEDE35854E}.Debug|x64.Build.0 = Debug|x64
		{458DD708-6B8B-4FA3-8607-8AEEDE35854E}.Debug|x86.ActiveCfg = Debug|Win32
		{458DD708-6B8B-4FA3-8607-8AEEDE35854E}.Debug|x86.Build.0 = Debug|Win32
		{458DD708-6B8B-4FA3-8607-8AEEDE35854E}.Release|x64.ActiveCfg = Release|x64
		{458DD708-6B8B-4FA3-8607-8AEEDE35854E}.Release|x64.Build.0 = Release|x64
		{458DD708-6B8B-4FA3-8607-8AEEDE35854E}.Release|x86.ActiveCfg = Release|Win32
		{458DD708-6B8B-4FA3-8607-8AEEDE35854E}.Release|x86.Build.0 = Release|Win32
	EndGlobalSection
	GlobalSection(SolutionProperties) = preSolution
		HideSolutionNode = FALSE
	EndGlobalSection
	GlobalSection(ExtensibilityGlobals) = postSolution
		SolutionGuid = {5082D79E-BC2C-4DE4-B1E5-23455E6A0065}
	EndGlobalSection
EndGlobal
